
Microsoft Visual Studio Solution File, Format Version 12.00
# Visual Studio 15
VisualStudioVersion = 15.0.28307.1000
MinimumVisualStudioVersion = 10.0.40219.1
Project("{FAE04EC0-301F-11D3-BF4B-00C04F79EFBC}") = "petSim", "petSim\petSim.csproj", "{D925D54A-4E90-49E9-99E3-DECCCE8A7ECD}"
EndProject
Global
	GlobalSection(SolutionConfigurationPlatforms) = preSolution
		Debug|Any CPU = Debug|Any CPU
		Release|Any CPU = Release|Any CPU
	EndGlobalSection
	GlobalSection(ProjectConfigurationPlatforms) = postSolution
		{D925D54A-4E90-49E9-99E3-DECCCE8A7ECD}.Debug|Any CPU.ActiveCfg = Debug|Any CPU
		{D925D54A-4E90-49E9-99E3-DECCCE8A7ECD}.Debug|Any CPU.Build.0 = Debug|Any CPU
		{D925D54A-4E90-49E9-99E3-DECCCE8A7ECD}.Release|Any CPU.ActiveCfg = Release|Any CPU
		{D925D54A-4E90-49E9-99E3-DECCCE8A7ECD}.Release|Any CPU.Build.0 = Release|Any CPU
	EndGlobalSection
	GlobalSection(SolutionProperties) = preSolution
		HideSolutionNode = FALSE
	EndGlobalSection
	GlobalSection(ExtensibilityGlobals) = postSolution
		SolutionGuid = {C63C5A90-D2B8-4739-9EE6-E198D643E163}
	EndGlobalSection
EndGlobal
